
Microsoft Visual Studio Solution File, Format Version 12.00
# Visual Studio Version 17
VisualStudioVersion = 17.0.31903.59
MinimumVisualStudioVersion = 10.0.40219.1
Project("{2150E333-8FDC-42A3-9474-1A3956D46DE8}") = "tests", "tests", "{0AB3BF05-4346-4AA6-1389-037BE0695223}"
EndProject
Project("{FAE04EC0-301F-11D3-BF4B-00C04F79EFBC}") = "Vni.Ielts.Integration.Tests", "tests\Vni.Ielts.Integration.Tests\Vni.Ielts.Integration.Tests.csproj", "{954DEF78-3A1F-4FEB-9BA8-E557DB6625D0}"
EndProject
Project("{2150E333-8FDC-42A3-9474-1A3956D46DE8}") = "src", "src", "{827E0CD3-B72D-47B6-A68D-7590B98EB39B}"
EndProject
Project("{FAE04EC0-301F-11D3-BF4B-00C04F79EFBC}") = "Vni.Ielts.Infrastructure", "src\Vni.Ielts.Infrastructure\Vni.Ielts.Infrastructure.csproj", "{DABC83B1-600A-4DDC-8618-36271B7500CD}"
EndProject
Project("{FAE04EC0-301F-11D3-BF4B-00C04F79EFBC}") = "Vni.Ielts.Application", "src\Vni.Ielts.Application\Vni.Ielts.Application.csproj", "{EE09A387-B73D-4832-BB23-786444AEC777}"
EndProject
Project("{FAE04EC0-301F-11D3-BF4B-00C04F79EFBC}") = "Vni.Ielts.Domain", "src\Vni.Ielts.Domain\Vni.Ielts.Domain.csproj", "{92584B41-4330-42DF-8913-4980E56852F2}"
EndProject
Project("{FAE04EC0-301F-11D3-BF4B-00C04F79EFBC}") = "Vni.Ielts.Domain.Tests", "tests\Vni.Ielts.Domain.Tests\Vni.Ielts.Domain.Tests.csproj", "{2312527F-9239-497A-887A-0EB515D6F41D}"
EndProject
Project("{FAE04EC0-301F-11D3-BF4B-00C04F79EFBC}") = "Vni.Ielts.Api", "src\Vni.Ielts.Api\Vni.Ielts.Api.csproj", "{FBC012D5-0A24-4825-B27F-101076560B6A}"
EndProject
Project("{FAE04EC0-301F-11D3-BF4B-00C04F79EFBC}") = "Vni.Ielts.Worker", "src\Vni.Ielts.Worker\Vni.Ielts.Worker.csproj", "{DA866388-D383-406C-8188-B08D966E48F0}"
EndProject
Project("{FAE04EC0-301F-11D3-BF4B-00C04F79EFBC}") = "Vni.Ielts.Application.Tests", "tests\Vni.Ielts.Application.Tests\Vni.Ielts.Application.Tests.csproj", "{3BB92339-13F3-4D5D-B0F7-9C5E3AAF06BB}"
EndProject
Project("{FAE04EC0-301F-11D3-BF4B-00C04F79EFBC}") = "Vni.Ielts.Architecture.Tests", "tests\Vni.Ielts.Architecture.Tests\Vni.Ielts.Architecture.Tests.csproj", "{26D0B05A-D33D-4CA4-867D-5747819F47E2}"
EndProject
Project("{FAE04EC0-301F-11D3-BF4B-00C04F79EFBC}") = "Vni.Ielts.Infrastructure.Tests", "tests\Vni.Ielts.Infrastructure.Tests\Vni.Ielts.Infrastructure.Tests.csproj", "{4A028603-96B2-4BAA-AD2A-84EB56EFC368}"
EndProject
Global
	GlobalSection(SolutionConfigurationPlatforms) = preSolution
		Debug|Any CPU = Debug|Any CPU
		Debug|x64 = Debug|x64
		Debug|x86 = Debug|x86
		Release|Any CPU = Release|Any CPU
		Release|x64 = Release|x64
		Release|x86 = Release|x86
	EndGlobalSection
	GlobalSection(ProjectConfigurationPlatforms) = postSolution
		{954DEF78-3A1F-4FEB-9BA8-E557DB6625D0}.Debug|Any CPU.ActiveCfg = Debug|Any CPU
		{954DEF78-3A1F-4FEB-9BA8-E557DB6625D0}.Debug|Any CPU.Build.0 = Debug|Any CPU
		{954DEF78-3A1F-4FEB-9BA8-E557DB6625D0}.Debug|x64.ActiveCfg = Debug|Any CPU
		{954DEF78-3A1F-4FEB-9BA8-E557DB6625D0}.Debug|x64.Build.0 = Debug|Any CPU
		{954DEF78-3A1F-4FEB-9BA8-E557DB6625D0}.Debug|x86.ActiveCfg = Debug|Any CPU
		{954DEF78-3A1F-4FEB-9BA8-E557DB6625D0}.Debug|x86.Build.0 = Debug|Any CPU
		{954DEF78-3A1F-4FEB-9BA8-E557DB6625D0}.Release|Any CPU.ActiveCfg = Release|Any CPU
		{954DEF78-3A1F-4FEB-9BA8-E557DB6625D0}.Release|Any CPU.Build.0 = Release|Any CPU
		{954DEF78-3A1F-4FEB-9BA8-E557DB6625D0}.Release|x64.ActiveCfg = Release|Any CPU
		{954DEF78-3A1F-4FEB-9BA8-E557DB6625D0}.Release|x64.Build.0 = Release|Any CPU
		{954DEF78-3A1F-4FEB-9BA8-E557DB6625D0}.Release|x86.ActiveCfg = Release|Any CPU
		{954DEF78-3A1F-4FEB-9BA8-E557DB6625D0}.Release|x86.Build.0 = Release|Any CPU
		{DABC83B1-600A-4DDC-8618-36271B7500CD}.Debug|Any CPU.ActiveCfg = Debug|Any CPU
		{DABC83B1-600A-4DDC-8618-36271B7500CD}.Debug|Any CPU.Build.0 = Debug|Any CPU
		{DABC83B1-600A-4DDC-8618-36271B7500CD}.Debug|x64.ActiveCfg = Debug|Any CPU
		{DABC83B1-600A-4DDC-8618-36271B7500CD}.Debug|x64.Build.0 = Debug|Any CPU
		{DABC83B1-600A-4DDC-8618-36271B7500CD}.Debug|x86.ActiveCfg = Debug|Any CPU
		{DABC83B1-600A-4DDC-8618-36271B7500CD}.Debug|x86.Build.0 = Debug|Any CPU
		{DABC83B1-600A-4DDC-8618-36271B7500CD}.Release|Any CPU.ActiveCfg = Release|Any CPU
		{DABC83B1-600A-4DDC-8618-36271B7500CD}.Release|Any CPU.Build.0 = Release|Any CPU
		{DABC83B1-600A-4DDC-8618-36271B7500CD}.Release|x64.ActiveCfg = Release|Any CPU
		{DABC83B1-600A-4DDC-8618-36271B7500CD}.Release|x64.Build.0 = Release|Any CPU
		{DABC83B1-600A-4DDC-8618-36271B7500CD}.Release|x86.ActiveCfg = Release|Any CPU
		{DABC83B1-600A-4DDC-8618-36271B7500CD}.Release|x86.Build.0 = Release|Any CPU
		{EE09A387-B73D-4832-BB23-786444AEC777}.Debug|Any CPU.ActiveCfg = Debug|Any CPU
		{EE09A387-B73D-4832-BB23-786444AEC777}.Debug|Any CPU.Build.0 = Debug|Any CPU
		{EE09A387-B73D-4832-BB23-786444AEC777}.Debug|x64.ActiveCfg = Debug|Any CPU
		{EE09A387-B73D-4832-BB23-786444AEC777}.Debug|x64.Build.0 = Debug|Any CPU
		{EE09A387-B73D-4832-BB23-786444AEC777}.Debug|x86.ActiveCfg = Debug|Any CPU
		{EE09A387-B73D-4832-BB23-786444AEC777}.Debug|x86.Build.0 = Debug|Any CPU
		{EE09A387-B73D-4832-BB23-786444AEC777}.Release|Any CPU.ActiveCfg = Release|Any CPU
		{EE09A387-B73D-4832-BB23-786444AEC777}.Release|Any CPU.Build.0 = Release|Any CPU
		{EE09A387-B73D-4832-BB23-786444AEC777}.Release|x64.ActiveCfg = Release|Any CPU
		{EE09A387-B73D-4832-BB23-786444AEC777}.Release|x64.Build.0 = Release|Any CPU
		{EE09A387-B73D-4832-BB23-786444AEC777}.Release|x86.ActiveCfg = Release|Any CPU
		{EE09A387-B73D-4832-BB23-786444AEC777}.Release|x86.Build.0 = Release|Any CPU
		{92584B41-4330-42DF-8913-4980E56852F2}.Debug|Any CPU.ActiveCfg = Debug|Any CPU
		{92584B41-4330-42DF-8913-4980E56852F2}.Debug|Any CPU.Build.0 = Debug|Any CPU
		{92584B41-4330-42DF-8913-4980E56852F2}.Debug|x64.ActiveCfg = Debug|Any CPU
		{92584B41-4330-42DF-8913-4980E56852F2}.Debug|x64.Build.0 = Debug|Any CPU
		{92584B41-4330-42DF-8913-4980E56852F2}.Debug|x86.ActiveCfg = Debug|Any CPU
		{92584B41-4330-42DF-8913-4980E56852F2}.Debug|x86.Build.0 = Debug|Any CPU
		{92584B41-4330-42DF-8913-4980E56852F2}.Release|Any CPU.ActiveCfg = Release|Any CPU
		{92584B41-4330-42DF-8913-4980E56852F2}.Release|Any CPU.Build.0 = Release|Any CPU
		{92584B41-4330-42DF-8913-4980E56852F2}.Release|x64.ActiveCfg = Release|Any CPU
		{92584B41-4330-42DF-8913-4980E56852F2}.Release|x64.Build.0 = Release|Any CPU
		{92584B41-4330-42DF-8913-4980E56852F2}.Release|x86.ActiveCfg = Release|Any CPU
		{92584B41-4330-42DF-8913-4980E56852F2}.Release|x86.Build.0 = Release|Any CPU
		{2312527F-9239-497A-887A-0EB515D6F41D}.Debug|Any CPU.ActiveCfg = Debug|Any CPU
		{2312527F-9239-497A-887A-0EB515D6F41D}.Debug|Any CPU.Build.0 = Debug|Any CPU
		{2312527F-9239-497A-887A-0EB515D6F41D}.Debug|x64.ActiveCfg = Debug|Any CPU
		{2312527F-9239-497A-887A-0EB515D6F41D}.Debug|x64.Build.0 = Debug|Any CPU
		{2312527F-9239-497A-887A-0EB515D6F41D}.Debug|x86.ActiveCfg = Debug|Any CPU
		{2312527F-9239-497A-887A-0EB515D6F41D}.Debug|x86.Build.0 = Debug|Any CPU
		{2312527F-9239-497A-887A-0EB515D6F41D}.Release|Any CPU.ActiveCfg = Release|Any CPU
		{2312527F-9239-497A-887A-0EB515D6F41D}.Release|Any CPU.Build.0 = Release|Any CPU
		{2312527F-9239-497A-887A-0EB515D6F41D}.Release|x64.ActiveCfg = Release|Any CPU
		{2312527F-9239-497A-887A-0EB515D6F41D}.Release|x64.Build.0 = Release|Any CPU
		{2312527F-9239-497A-887A-0EB515D6F41D}.Release|x86.ActiveCfg = Release|Any CPU
		{2312527F-9239-497A-887A-0EB515D6F41D}.Release|x86.Build.0 = Release|Any CPU
		{FBC012D5-0A24-4825-B27F-101076560B6A}.Debug|Any CPU.ActiveCfg = Debug|Any CPU
		{FBC012D5-0A24-4825-B27F-101076560B6A}.Debug|Any CPU.Build.0 = Debug|Any CPU
		{FBC012D5-0A24-4825-B27F-101076560B6A}.Debug|x64.ActiveCfg = Debug|Any CPU
		{FBC012D5-0A24-4825-B27F-101076560B6A}.Debug|x64.Build.0 = Debug|Any CPU
		{FBC012D5-0A24-4825-B27F-101076560B6A}.Debug|x86.ActiveCfg = Debug|Any CPU
		{FBC012D5-0A24-4825-B27F-101076560B6A}.Debug|x86.Build.0 = Debug|Any CPU
		{FBC012D5-0A24-4825-B27F-101076560B6A}.Release|Any CPU.ActiveCfg = Release|Any CPU
		{FBC012D5-0A24-4825-B27F-101076560B6A}.Release|Any CPU.Build.0 = Release|Any CPU
		{FBC012D5-0A24-4825-B27F-101076560B6A}.Release|x64.ActiveCfg = Release|Any CPU
		{FBC012D5-0A24-4825-B27F-101076560B6A}.Release|x64.Build.0 = Release|Any CPU
		{FBC012D5-0A24-4825-B27F-101076560B6A}.Release|x86.ActiveCfg = Release|Any CPU
		{FBC012D5-0A24-4825-B27F-101076560B6A}.Release|x86.Build.0 = Release|Any CPU
		{DA866388-D383-406C-8188-B08D966E48F0}.Debug|Any CPU.ActiveCfg = Debug|Any CPU
		{DA866388-D383-406C-8188-B08D966E48F0}.Debug|Any CPU.Build.0 = Debug|Any CPU
		{DA866388-D383-406C-8188-B08D966E48F0}.Debug|x64.ActiveCfg = Debug|Any CPU
		{DA866388-D383-406C-8188-B08D966E48F0}.Debug|x64.Build.0 = Debug|Any CPU
		{DA866388-D383-406C-8188-B08D966E48F0}.Debug|x86.ActiveCfg = Debug|Any CPU
		{DA866388-D383-406C-8188-B08D966E48F0}.Debug|x86.Build.0 = Debug|Any CPU
		{DA866388-D383-406C-8188-B08D966E48F0}.Release|Any CPU.ActiveCfg = Release|Any CPU
		{DA866388-D383-406C-8188-B08D966E48F0}.Release|Any CPU.Build.0 = Release|Any CPU
		{DA866388-D383-406C-8188-B08D966E48F0}.Release|x64.ActiveCfg = Release|Any CPU
		{DA866388-D383-406C-8188-B08D966E48F0}.Release|x64.Build.0 = Release|Any CPU
		{DA866388-D383-406C-8188-B08D966E48F0}.Release|x86.ActiveCfg = Release|Any CPU
		{DA866388-D383-406C-8188-B08D966E48F0}.Release|x86.Build.0 = Release|Any CPU
		{3BB92339-13F3-4D5D-B0F7-9C5E3AAF06BB}.Debug|Any CPU.ActiveCfg = Debug|Any CPU
		{3BB92339-13F3-4D5D-B0F7-9C5E3AAF06BB}.Debug|Any CPU.Build.0 = Debug|Any CPU
		{3BB92339-13F3-4D5D-B0F7-9C5E3AAF06BB}.Debug|x64.ActiveCfg = Debug|Any CPU
		{3BB92339-13F3-4D5D-B0F7-9C5E3AAF06BB}.Debug|x64.Build.0 = Debug|Any CPU
		{3BB92339-13F3-4D5D-B0F7-9C5E3AAF06BB}.Debug|x86.ActiveCfg = Debug|Any CPU
		{3BB92339-13F3-4D5D-B0F7-9C5E3AAF06BB}.Debug|x86.Build.0 = Debug|Any CPU
		{3BB92339-13F3-4D5D-B0F7-9C5E3AAF06BB}.Release|Any CPU.ActiveCfg = Release|Any CPU
		{3BB92339-13F3-4D5D-B0F7-9C5E3AAF06BB}.Release|Any CPU.Build.0 = Release|Any CPU
		{3BB92339-13F3-4D5D-B0F7-9C5E3AAF06BB}.Release|x64.ActiveCfg = Release|Any CPU
		{3BB92339-13F3-4D5D-B0F7-9C5E3AAF06BB}.Release|x64.Build.0 = Release|Any CPU
		{3BB92339-13F3-4D5D-B0F7-9C5E3AAF06BB}.Release|x86.ActiveCfg = Release|Any CPU
		{3BB92339-13F3-4D5D-B0F7-9C5E3AAF06BB}.Release|x86.Build.0 = Release|Any CPU
		{26D0B05A-D33D-4CA4-867D-5747819F47E2}.Debug|Any CPU.ActiveCfg = Debug|Any CPU
		{26D0B05A-D33D-4CA4-867D-5747819F47E2}.Debug|Any CPU.Build.0 = Debug|Any CPU
		{26D0B05A-D33D-4CA4-867D-5747819F47E2}.Debug|x64.ActiveCfg = Debug|Any CPU
		{26D0B05A-D33D-4CA4-867D-5747819F47E2}.Debug|x64.Build.0 = Debug|Any CPU
		{26D0B05A-D33D-4CA4-867D-5747819F47E2}.Debug|x86.ActiveCfg = Debug|Any CPU
		{26D0B05A-D33D-4CA4-867D-5747819F47E2}.Debug|x86.Build.0 = Debug|Any CPU
		{26D0B05A-D33D-4CA4-867D-5747819F47E2}.Release|Any CPU.ActiveCfg = Release|Any CPU
		{26D0B05A-D33D-4CA4-867D-5747819F47E2}.Release|Any CPU.Build.0 = Release|Any CPU
		{26D0B05A-D33D-4CA4-867D-5747819F47E2}.Release|x64.ActiveCfg = Release|Any CPU
		{26D0B05A-D33D-4CA4-867D-5747819F47E2}.Release|x64.Build.0 = Release|Any CPU
		{26D0B05A-D33D-4CA4-867D-5747819F47E2}.Release|x86.ActiveCfg = Release|Any CPU
		{26D0B05A-D33D-4CA4-867D-5747819F47E2}.Release|x86.Build.0 = Release|Any CPU
		{4A028603-96B2-4BAA-AD2A-84EB56EFC368}.Debug|Any CPU.ActiveCfg = Debug|Any CPU
		{4A028603-96B2-4BAA-AD2A-84EB56EFC368}.Debug|Any CPU.Build.0 = Debug|Any CPU
		{4A028603-96B2-4BAA-AD2A-84EB56EFC368}.Debug|x64.ActiveCfg = Debug|Any CPU
		{4A028603-96B2-4BAA-AD2A-84EB56EFC368}.Debug|x64.Build.0 = Debug|Any CPU
		{4A028603-96B2-4BAA-AD2A-84EB56EFC368}.Debug|x86.ActiveCfg = Debug|Any CPU
		{4A028603-96B2-4BAA-AD2A-84EB56EFC368}.Debug|x86.Build.0 = Debug|Any CPU
		{4A028603-96B2-4BAA-AD2A-84EB56EFC368}.Release|Any CPU.ActiveCfg = Release|Any CPU
		{4A028603-96B2-4BAA-AD2A-84EB56EFC368}.Release|Any CPU.Build.0 = Release|Any CPU
		{4A028603-96B2-4BAA-AD2A-84EB56EFC368}.Release|x64.ActiveCfg = Release|Any CPU
		{4A028603-96B2-4BAA-AD2A-84EB56EFC368}.Release|x64.Build.0 = Release|Any CPU
		{4A028603-96B2-4BAA-AD2A-84EB56EFC368}.Release|x86.ActiveCfg = Release|Any CPU
		{4A028603-96B2-4BAA-AD2A-84EB56EFC368}.Release|x86.Build.0 = Release|Any CPU
	EndGlobalSection
	GlobalSection(SolutionProperties) = preSolution
		HideSolutionNode = FALSE
	EndGlobalSection
	GlobalSection(NestedProjects) = preSolution
		{954DEF78-3A1F-4FEB-9BA8-E557DB6625D0} = {0AB3BF05-4346-4AA6-1389-037BE0695223}
		{DABC83B1-600A-4DDC-8618-36271B7500CD} = {827E0CD3-B72D-47B6-A68D-7590B98EB39B}
		{EE09A387-B73D-4832-BB23-786444AEC777} = {827E0CD3-B72D-47B6-A68D-7590B98EB39B}
		{92584B41-4330-42DF-8913-4980E56852F2} = {827E0CD3-B72D-47B6-A68D-7590B98EB39B}
		{2312527F-9239-497A-887A-0EB515D6F41D} = {0AB3BF05-4346-4AA6-1389-037BE0695223}
		{FBC012D5-0A24-4825-B27F-101076560B6A} = {827E0CD3-B72D-47B6-A68D-7590B98EB39B}
		{DA866388-D383-406C-8188-B08D966E48F0} = {827E0CD3-B72D-47B6-A68D-7590B98EB39B}
		{3BB92339-13F3-4D5D-B0F7-9C5E3AAF06BB} = {0AB3BF05-4346-4AA6-1389-037BE0695223}
		{26D0B05A-D33D-4CA4-867D-5747819F47E2} = {0AB3BF05-4346-4AA6-1389-037BE0695223}
		{4A028603-96B2-4BAA-AD2A-84EB56EFC368} = {0AB3BF05-4346-4AA6-1389-037BE0695223}
	EndGlobalSection
EndGlobal
